
Microsoft Visual Studio Solution File, Format Version 12.00
Project("{FAE04EC0-301F-11D3-BF4B-00C04F79EFBC}") = "Pokemon", "Pokemon\Pokemon.csproj", "{6DB27712-779A-4D91-9FE6-FD2F45E4FC1B}"
EndProject
Project("{FAE04EC0-301F-11D3-BF4B-00C04F79EFBC}") = "ConsoleApp1", "ConsoleApp1\ConsoleApp1.csproj", "{4D39731E-9358-4BA5-AE74-29767F878323}"
EndProject
Global
	GlobalSection(SolutionConfigurationPlatforms) = preSolution
		Debug|Any CPU = Debug|Any CPU
		Release|Any CPU = Release|Any CPU
	EndGlobalSection
	GlobalSection(ProjectConfigurationPlatforms) = postSolution
		{6DB27712-779A-4D91-9FE6-FD2F45E4FC1B}.Debug|Any CPU.ActiveCfg = Debug|Any CPU
		{6DB27712-779A-4D91-9FE6-FD2F45E4FC1B}.Debug|Any CPU.Build.0 = Debug|Any CPU
		{6DB27712-779A-4D91-9FE6-FD2F45E4FC1B}.Release|Any CPU.ActiveCfg = Release|Any CPU
		{6DB27712-779A-4D91-9FE6-FD2F45E4FC1B}.Release|Any CPU.Build.0 = Release|Any CPU
		{4D39731E-9358-4BA5-AE74-29767F878323}.Debug|Any CPU.ActiveCfg = Debug|Any CPU
		{4D39731E-9358-4BA5-AE74-29767F878323}.Debug|Any CPU.Build.0 = Debug|Any CPU
		{4D39731E-9358-4BA5-AE74-29767F878323}.Release|Any CPU.ActiveCfg = Release|Any CPU
		{4D39731E-9358-4BA5-AE74-29767F878323}.Release|Any CPU.Build.0 = Release|Any CPU
	EndGlobalSection
EndGlobal
